Microsoft Visual Studio Solution File, Format Version 12.00
# Visual Studio Version 17
VisualStudioVersion = 17.13.35818.85
MinimumVisualStudioVersion = 10.0.40219.1
Project("{FAE04EC0-301F-11D3-BF4B-00C04F79EFBC}") = "MVCVirtualInternshipTracker", "MVCVirtualInternshipTracker\MVCVirtualInternshipTracker.csproj", "{DC6498C1-858C-4877-8112-43326E6A517B}"
EndProject
Global
	GlobalSection(SolutionConfigurationPlatforms) = preSolution
		Debug|Any CPU = Debug|Any CPU
		Release|Any CPU = Release|Any CPU
	EndGlobalSection
	GlobalSection(ProjectConfigurationPlatforms) = postSolution
		{DC6498C1-858C-4877-8112-43326E6A517B}.Debug|Any CPU.ActiveCfg = Debug|Any CPU
		{DC6498C1-858C-4877-8112-43326E6A517B}.Debug|Any CPU.Build.0 = Debug|Any CPU
		{DC6498C1-858C-4877-8112-43326E6A517B}.Release|Any CPU.ActiveCfg = Release|Any CPU
		{DC6498C1-858C-4877-8112-43326E6A517B}.Release|Any CPU.Build.0 = Release|Any CPU
	EndGlobalSection
	GlobalSection(SolutionProperties) = preSolution
		HideSolutionNode = FALSE
	EndGlobalSection
	GlobalSection(ExtensibilityGlobals) = postSolution
		SolutionGuid = {57846D70-9FC2-417B-ACFD-54BC8D1DA377}
	EndGlobalSection
EndGlobal
